// !$*UTF8*$!
{
	archiveVersion = 1;
	classes = {
	};
	objectVersion = 48;
	objects = {

/* Begin PBXBuildFile section */
		382D64061F31161100FAA153 /* AppDelegate.swift in Sources */ = {isa = PBXBuildFile; fileRef = 382D64051F31161100FAA153 /* AppDelegate.swift */; };
		382D64081F31161100FAA153 /* art.scnassets in Resources */ = {isa = PBXBuildFile; fileRef = 382D64071F31161100FAA153 /* art.scnassets */; };
		382D640A1F31161100FAA153 /* ViewController.swift in Sources */ = {isa = PBXBuildFile; fileRef = 382D64091F31161100FAA153 /* ViewController.swift */; };
		382D640D1F31161100FAA153 /* Main.storyboard in Resources */ = {isa = PBXBuildFile; fileRef = 382D640B1F31161100FAA153 /* Main.storyboard */; };
		382D640F1F31161100FAA153 /* Assets.xcassets in Resources */ = {isa = PBXBuildFile; fileRef = 382D640E1F31161100FAA153 /* Assets.xcassets */; };
		382D64121F31161100FAA153 /* LaunchScreen.storyboard in Resources */ = {isa = PBXBuildFile; fileRef = 382D64101F31161100FAA153 /* LaunchScreen.storyboard */; };
/* End PBXBuildFile section */

/* Begin PBXFileReference section */
		382D64021F31161100FAA153 /* Solar System Explorer.app */ = {isa = PBXFileReference; explicitFileType = wrapper.application; includeInIndex = 0; path = "Solar System Explorer.app"; sourceTree = BUILT_PRODUCTS_DIR; };
		382D64051F31161100FAA153 /* AppDelegate.swift */ = {isa = PBXFileReference; lastKnownFileType = sourcecode.swift; path = AppDelegate.swift; sourceTree = "<group>"; };
		382D64071F31161100FAA153 /* art.scnassets */ = {isa = PBXFileReference; lastKnownFileType = wrapper.scnassets; path = art.scnassets; sourceTree = "<group>"; };
		382D64091F31161100FAA153 /* ViewController.swift */ = {isa = PBXFileReference; lastKnownFileType = sourcecode.swift; path = ViewController.swift; sourceTree = "<group>"; };
		382D640C1F31161100FAA153 /* Base */ = {isa = PBXFileReference; lastKnownFileType = file.storyboard; name = Base; path = Base.lproj/Main.storyboard; sourceTree = "<group>"; };
		382D640E1F31161100FAA153 /* Assets.xcassets */ = {isa = PBXFileReference; lastKnownFileType = folder.assetcatalog; path = Assets.xcassets; sourceTree = "<group>"; };
		382D64111F31161100FAA153 /* Base */ = {isa = PBXFileReference; lastKnownFileType = file.storyboard; name = Base; path = Base.lproj/LaunchScreen.storyboard; sourceTree = "<group>"; };
		382D64131F31161100FAA153 /* Info.plist */ = {isa = PBXFileReference; lastKnownFileType = text.plist.xml; path = Info.plist; sourceTree = "<group>"; };
/* End PBXFileReference section */

/* Begin PBXFrameworksBuildPhase section */
		382D63FF1F31161100FAA153 /* Frameworks */ = {
			isa = PBXFrameworksBuildPhase;
			buildActionMask = 2147483647;
			files = (
			);
			runOnlyForDeploymentPostprocessing = 0;
		};
/* End PBXFrameworksBuildPhase section */

/* Begin PBXGroup section */
		382D63F91F31161100FAA153 = {
			isa = PBXGroup;
			children = (
				382D64041F31161100FAA153 /* Solar System Explorer */,
				382D64031F31161100FAA153 /* Products */,
			);
			sourceTree = "<group>";
		};
		382D64031F31161100FAA153 /* Products */ = {
			isa = PBXGroup;
			children = (
				382D64021F31161100FAA153 /* Solar System Explorer.app */,
			);
			name = Products;
			sourceTree = "<group>";
		};
		382D64041F31161100FAA153 /* Solar System Explorer */ = {
			isa = PBXGroup;
			children = (
				382D64051F31161100FAA153 /* AppDelegate.swift */,
				382D64071F31161100FAA153 /* art.scnassets */,
				382D64091F31161100FAA153 /* ViewController.swift */,
				382D640B1F31161100FAA153 /* Main.storyboard */,
				382D640E1F31161100FAA153 /* Assets.xcassets */,
				382D64101F31161100FAA153 /* LaunchScreen.storyboard */,
				382D64131F31161100FAA153 /* Info.plist */,
			);
			path = "Solar System Explorer";
			sourceTree = "<group>";
		};
/* End PBXGroup section */

/* Begin PBXNativeTarget section */
		382D64011F31161100FAA153 /* Solar System Explorer */ = {
			isa = PBXNativeTarget;
			buildConfigurationList = 382D64161F31161100FAA153 /* Build configuration list for PBXNativeTarget "Solar System Explorer" */;
			buildPhases = (
				382D63FE1F31161100FAA153 /* Sources */,
				382D63FF1F31161100FAA153 /* Frameworks */,
				382D64001F31161100FAA153 /* Resources */,
			);
			buildRules = (
			);
			dependencies = (
			);
			name = "Solar System Explorer";
			productName = exAR;
			productReference = 382D64021F31161100FAA153 /* Solar System Explorer.app */;
			productType = "com.apple.product-type.application";
		};
/* End PBXNativeTarget section */

/* Begin PBXProject section */
		382D63FA1F31161100FAA153 /* Project object */ = {
			isa = PBXProject;
			attributes = {
				LastSwiftUpdateCheck = 0900;
				LastUpgradeCheck = 0900;
				ORGANIZATIONNAME = "Jennifer Goodridge";
				TargetAttributes = {
					382D64011F31161100FAA153 = {
						CreatedOnToolsVersion = 9.0;
					};
				};
			};
			buildConfigurationList = 382D63FD1F31161100FAA153 /* Build configuration list for PBXProject "Solar System Explorer" */;
			compatibilityVersion = "Xcode 8.0";
			developmentRegion = en;
			hasScannedForEncodings = 0;
			knownRegions = (
				en,
				Base,
			);
			mainGroup = 382D63F91F31161100FAA153;
			productRefGroup = 382D64031F31161100FAA153 /* Products */;
			projectDirPath = "";
			projectRoot = "";
			targets = (
				382D64011F31161100FAA153 /* Solar System Explorer */,
			);
		};
/* End PBXProject section */

/* Begin PBXResourcesBuildPhase section */
		382D64001F31161100FAA153 /* Resources */ = {
			isa = PBXResourcesBuildPhase;
			buildActionMask = 2147483647;
			files = (
				382D64081F31161100FAA153 /* art.scnassets in Resources */,
				382D64121F31161100FAA153 /* LaunchScreen.storyboard in Resources */,
				382D640F1F31161100FAA153 /* Assets.xcassets in Resources */,
				382D640D1F31161100FAA153 /* Main.storyboard in Resources */,
			);
			runOnlyForDeploymentPostprocessing = 0;
		};
/* End PBXResourcesBuildPhase section */

/* Begin PBXSourcesBuildPhase section */
		382D63FE1F31161100FAA153 /* Sources */ = {
			isa = PBXSourcesBuildPhase;
			buildActionMask = 2147483647;
			files = (
				382D640A1F31161100FAA153 /* ViewController.swift in Sources */,
				382D64061F31161100FAA153 /* AppDelegate.swift in Sources */,
			);
			runOnlyForDeploymentPostprocessing = 0;
		};
/* End PBXSourcesBuildPhase section */

/* Begin PBXVariantGroup section */
		382D640B1F31161100FAA153 /* Main.storyboard */ = {
			isa = PBXVariantGroup;
			children = (
				382D640C1F31161100FAA153 /* Base */,
			);
			name = Main.storyboard;
			sourceTree = "<group>";
		};
		382D64101F31161100FAA153 /* LaunchScreen.storyboard */ = {
			isa = PBXVariantGroup;
			children = (
				382D64111F31161100FAA153 /* Base */,
			);
			name = LaunchScreen.storyboard;
			sourceTree = "<group>";
		};
/* End PBXVariantGroup section */

/* Begin XCBuildConfiguration section */
		382D64141F31161100FAA153 /* Debug */ = {
			isa = XCBuildConfiguration;
			buildSettings = {
				ALWAYS_SEARCH_USER_PATHS = NO;
				CLANG_ANALYZER_NONNULL = YES;
				CLANG_ANALYZER_NUMBER_OBJECT_CONVERSION = YES_AGGRESSIVE;
				CLANG_CXX_LANGUAGE_STANDARD = "gnu++14";
				CLANG_CXX_LIBRARY = "libc++";
				CLANG_ENABLE_MODULES = YES;
				CLANG_ENABLE_OBJC_ARC = YES;
				CLANG_WARN_BLOCK_CAPTURE_AUTORELEASING = YES;
				CLANG_WARN_BOOL_CONVERSION = YES;
				CLANG_WARN_COMMA = YES;
				CLANG_WARN_CONSTANT_CONVERSION = YES;
				CLANG_WARN_DIRECT_OBJC_ISA_USAGE = YES_ERROR;
				CLANG_WARN_DOCUMENTATION_COMMENTS = YES;
				CLANG_WARN_EMPTY_BODY = YES;
				CLANG_WARN_ENUM_CONVERSION = YES;
				CLANG_WARN_INFINITE_RECURSION = YES;
				CLANG_WARN_INT_CONVERSION = YES;
				CLANG_WARN_OBJC_ROOT_CLASS = YES_ERROR;
				CLANG_WARN_RANGE_LOOP_ANALYSIS = YES;
				CLANG_WARN_STRICT_PROTOTYPES = YES;
				CLANG_WARN_SUSPICIOUS_MOVE = YES;
				CLANG_WARN_UNGUARDED_AVAILABILITY = YES_AGGRESSIVE;
				CLANG_WARN_UNREACHABLE_CODE = YES;
				CLANG_WARN__DUPLICATE_METHOD_MATCH = YES;
				CODE_SIGN_IDENTITY = "iPhone Developer";
				COPY_PHASE_STRIP = NO;
				DEBUG_INFORMATION_FORMAT = dwarf;
				ENABLE_STRICT_OBJC_MSGSEND = YES;
				ENABLE_TESTABILITY = YES;
				GCC_C_LANGUAGE_STANDARD = gnu11;
				GCC_DYNAMIC_NO_PIC = NO;
				GCC_NO_COMMON_BLOCKS = YES;
				GCC_OPTIMIZATION_LEVEL = 0;
				GCC_PREPROCESSOR_DEFINITIONS = (
					"DEBUG=1",
					"$(inherited)",
				);
				GCC_WARN_64_TO_32_BIT_CONVERSION = YES;
				GCC_WARN_ABOUT_RETURN_TYPE = YES_ERROR;
				GCC_WARN_UNDECLARED_SELECTOR = YES;
				GCC_WARN_UNINITIALIZED_AUTOS = YES_AGGRESSIVE;
				GCC_WARN_UNUSED_FUNCTION = YES;
				GCC_WARN_UNUSED_VARIABLE = YES;
				IPHONEOS_DEPLOYMENT_TARGET = 11.0;
				MTL_ENABLE_DEBUG_INFO = YES;
				ONLY_ACTIVE_ARCH = YES;
				SDKROOT = iphoneos;
				SWIFT_ACTIVE_COMPILATION_CONDITIONS = DEBUG;
				SWIFT_OPTIMIZATION_LEVEL = "-Onone";
			};
			name = Debug;
		};
		382D64151F31161100FAA153 /* Release */ = {
			isa = XCBuildConfiguration;
			buildSettings = {
				ALWAYS_SEARCH_USER_PATHS = NO;
				CLANG_ANALYZER_NONNULL = YES;
				CLANG_ANALYZER_NUMBER_OBJECT_CONVERSION = YES_AGGRESSIVE;
				CLANG_CXX_LANGUAGE_STANDARD = "gnu++14";
				CLANG_CXX_LIBRARY = "libc++";
				CLANG_ENABLE_MODULES = YES;
				CLANG_ENABLE_OBJC_ARC = YES;
				CLANG_WARN_BLOCK_CAPTURE_AUTORELEASING = YES;
				CLANG_WARN_BOOL_CONVERSION = YES;
				CLANG_WARN_COMMA = YES;
				CLANG_WARN_CONSTANT_CONVERSION = YES;
				CLANG_WARN_DIRECT_OBJC_ISA_USAGE = YES_ERROR;
				CLANG_WARN_DOCUMENTATION_COMMENTS = YES;
				CLANG_WARN_EMPTY_BODY = YES;
				CLANG_WARN_ENUM_CONVERSION = YES;
				CLANG_WARN_INFINITE_RECURSION = YES;
				CLANG_WARN_INT_CONVERSION = YES;
				CLANG_WARN_OBJC_ROOT_CLASS = YES_ERROR;
				CLANG_WARN_RANGE_LOOP_ANALYSIS = YES;
				CLANG_WARN_STRICT_PROTOTYPES = YES;
				CLANG_WARN_SUSPICIOUS_MOVE = YES;
				CLANG_WARN_UNGUARDED_AVAILABILITY = YES_AGGRESSIVE;
				CLANG_WARN_UNREACHABLE_CODE = YES;
				CLANG_WARN__DUPLICATE_METHOD_MATCH = YES;
				CODE_SIGN_IDENTITY = "iPhone Developer";
				COPY_PHASE_STRIP = NO;
				DEBUG_INFORMATION_FORMAT = "dwarf-with-dsym";
				ENABLE_NS_ASSERTIONS = NO;
				ENABLE_STRICT_OBJC_MSGSEND = YES;
				GCC_C_LANGUAGE_STANDARD = gnu11;
				GCC_NO_COMMON_BLOCKS = YES;
				GCC_WARN_64_TO_32_BIT_CONVERSION = YES;
				GCC_WARN_ABOUT_RETURN_TYPE = YES_ERROR;
				GCC_WARN_UNDECLARED_SELECTOR = YES;
				GCC_WARN_UNINITIALIZED_AUTOS = YES_AGGRESSIVE;
				GCC_WARN_UNUSED_FUNCTION = YES;
				GCC_WARN_UNUSED_VARIABLE = YES;
				IPHONEOS_DEPLOYMENT_TARGET = 11.0;
				MTL_ENABLE_DEBUG_INFO = NO;
				SDKROOT = iphoneos;
				SWIFT_OPTIMIZATION_LEVEL = "-Owholemodule";
				VALIDATE_PRODUCT = YES;
			};
			name = Release;
		};
		382D64171F31161100FAA153 /* Debug */ = {
			isa = XCBuildConfiguration;
			buildSettings = {
				ASSETCATALOG_COMPILER_APPICON_NAME = AppIcon;
				DEVELOPMENT_TEAM = QDKDXC78N6;
				INFOPLIST_FILE = "Solar System Explorer/Info.plist";
				LD_RUNPATH_SEARCH_PATHS = "$(inherited) @executable_path/Frameworks";
				PRODUCT_BUNDLE_IDENTIFIER = "com.jengoodridge.solar-system-explorer";
				PRODUCT_NAME = "$(TARGET_NAME)";
				SWIFT_VERSION = 4.0;
				TARGETED_DEVICE_FAMILY = "1,2";
			};
			name = Debug;
		};
		382D64181F31161100FAA153 /* Release */ = {
			isa = XCBuildConfiguration;
			buildSettings = {
				ASSETCATALOG_COMPILER_APPICON_NAME = AppIcon;
				DEVELOPMENT_TEAM = QDKDXC78N6;
				INFOPLIST_FILE = "Solar System Explorer/Info.plist";
				LD_RUNPATH_SEARCH_PATHS = "$(inherited) @executable_path/Frameworks";
				PRODUCT_BUNDLE_IDENTIFIER = "com.jengoodridge.solar-system-explorer";
				PRODUCT_NAME = "$(TARGET_NAME)";
				SWIFT_VERSION = 4.0;
				TARGETED_DEVICE_FAMILY = "1,2";
			};
			name = Release;
		};
/* End XCBuildConfiguration section */

/* Begin XCConfigurationList section */
		382D63FD1F31161100FAA153 /* Build configuration list for PBXProject "Solar System Explorer" */ = {
			isa = XCConfigurationList;
			buildConfigurations = (
				382D64141F31161100FAA153 /* Debug */,
				382D64151F31161100FAA153 /* Release */,
			);
			defaultConfigurationIsVisible = 0;
			defaultConfigurationName = Release;
		};
		382D64161F31161100FAA153 /* Build configuration list for PBXNativeTarget "Solar System Explorer" */ = {
			isa = XCConfigurationList;
			buildConfigurations = (
				382D64171F31161100FAA153 /* Debug */,
				382D64181F31161100FAA153 /* Release */,
			);
			defaultConfigurationIsVisible = 0;
			defaultConfigurationName = Release;
		};
/* End XCConfigurationList section */
	};
	rootObject = 382D63FA1F31161100FAA153 /* Project object */;
}
